
Microsoft Visual Studio Solution File, Format Version 12.00
# Visual Studio Version 17
VisualStudioVersion = 17.10.34928.147
MinimumVisualStudioVersion = 10.0.40219.1
Project("{FAE04EC0-301F-11D3-BF4B-00C04F79EFBC}") = "ConsoleApp15", "ConsoleApp15\ConsoleApp15.csproj", "{7B365ADF-D72D-497F-A2EF-56AB1FC3B469}"
EndProject
Project("{FAE04EC0-301F-11D3-BF4B-00C04F79EFBC}") = "ConsoleApp1", "ConsoleApp1\ConsoleApp1.csproj", "{45C03CB8-E365-4564-99AA-6A795408BE31}"
EndProject
Global
	GlobalSection(SolutionConfigurationPlatforms) = preSolution
		Debug|Any CPU = Debug|Any CPU
		Release|Any CPU = Release|Any CPU
	EndGlobalSection
	GlobalSection(ProjectConfigurationPlatforms) = postSolution
		{7B365ADF-D72D-497F-A2EF-56AB1FC3B469}.Debug|Any CPU.ActiveCfg = Debug|Any CPU
		{7B365ADF-D72D-497F-A2EF-56AB1FC3B469}.Debug|Any CPU.Build.0 = Debug|Any CPU
		{7B365ADF-D72D-497F-A2EF-56AB1FC3B469}.Release|Any CPU.ActiveCfg = Release|Any CPU
		{7B365ADF-D72D-497F-A2EF-56AB1FC3B469}.Release|Any CPU.Build.0 = Release|Any CPU
		{45C03CB8-E365-4564-99AA-6A795408BE31}.Debug|Any CPU.ActiveCfg = Debug|Any CPU
		{45C03CB8-E365-4564-99AA-6A795408BE31}.Debug|Any CPU.Build.0 = Debug|Any CPU
		{45C03CB8-E365-4564-99AA-6A795408BE31}.Release|Any CPU.ActiveCfg = Release|Any CPU
		{45C03CB8-E365-4564-99AA-6A795408BE31}.Release|Any CPU.Build.0 = Release|Any CPU
	EndGlobalSection
	GlobalSection(SolutionProperties) = preSolution
		HideSolutionNode = FALSE
	EndGlobalSection
	GlobalSection(ExtensibilityGlobals) = postSolution
		SolutionGuid = {547CFADE-E281-44B4-AC1C-4F038F641F81}
	EndGlobalSection
EndGlobal
